
Microsoft Visual Studio Solution File, Format Version 12.00
# Visual Studio Version 17
VisualStudioVersion = 17.8.34511.84
MinimumVisualStudioVersion = 10.0.40219.1
Project("{9A19103F-16F7-4668-BE54-9A1E7A4F7556}") = "Lecture3", "Lecture3\Lecture3.csproj", "{639CF1FD-D6DD-42D8-82EE-AE6535F5C99C}"
EndProject
Project("{9A19103F-16F7-4668-BE54-9A1E7A4F7556}") = "GeometryClasses", "GeometryClasses\GeometryClasses.csproj", "{61A5DD57-553F-4FD4-9F21-B5C230D622AE}"
EndProject
Project("{9A19103F-16F7-4668-BE54-9A1E7A4F7556}") = "MauiAppLecture5", "MauiAppLecture5\MauiAppLecture5.csproj", "{E02C3AB2-9AA7-442E-A5F7-57F5C646AE68}"
EndProject
Project("{FAE04EC0-301F-11D3-BF4B-00C04F79EFBC}") = "TestProject_Lecture15", "TestProject_Lecture15\TestProject_Lecture15.csproj", "{8AF489E1-C033-4BE3-AEC3-516FD25C1CE1}"
EndProject
Global
	GlobalSection(SolutionConfigurationPlatforms) = preSolution
		Debug|Any CPU = Debug|Any CPU
		Release|Any CPU = Release|Any CPU
	EndGlobalSection
	GlobalSection(ProjectConfigurationPlatforms) = postSolution
		{639CF1FD-D6DD-42D8-82EE-AE6535F5C99C}.Debug|Any CPU.ActiveCfg = Debug|Any CPU
		{639CF1FD-D6DD-42D8-82EE-AE6535F5C99C}.Debug|Any CPU.Build.0 = Debug|Any CPU
		{639CF1FD-D6DD-42D8-82EE-AE6535F5C99C}.Release|Any CPU.ActiveCfg = Release|Any CPU
		{639CF1FD-D6DD-42D8-82EE-AE6535F5C99C}.Release|Any CPU.Build.0 = Release|Any CPU
		{61A5DD57-553F-4FD4-9F21-B5C230D622AE}.Debug|Any CPU.ActiveCfg = Debug|Any CPU
		{61A5DD57-553F-4FD4-9F21-B5C230D622AE}.Debug|Any CPU.Build.0 = Debug|Any CPU
		{61A5DD57-553F-4FD4-9F21-B5C230D622AE}.Release|Any CPU.ActiveCfg = Release|Any CPU
		{61A5DD57-553F-4FD4-9F21-B5C230D622AE}.Release|Any CPU.Build.0 = Release|Any CPU
		{E02C3AB2-9AA7-442E-A5F7-57F5C646AE68}.Debug|Any CPU.ActiveCfg = Debug|Any CPU
		{E02C3AB2-9AA7-442E-A5F7-57F5C646AE68}.Debug|Any CPU.Build.0 = Debug|Any CPU
		{E02C3AB2-9AA7-442E-A5F7-57F5C646AE68}.Debug|Any CPU.Deploy.0 = Debug|Any CPU
		{E02C3AB2-9AA7-442E-A5F7-57F5C646AE68}.Release|Any CPU.ActiveCfg = Release|Any CPU
		{E02C3AB2-9AA7-442E-A5F7-57F5C646AE68}.Release|Any CPU.Build.0 = Release|Any CPU
		{E02C3AB2-9AA7-442E-A5F7-57F5C646AE68}.Release|Any CPU.Deploy.0 = Release|Any CPU
		{8AF489E1-C033-4BE3-AEC3-516FD25C1CE1}.Debug|Any CPU.ActiveCfg = Debug|Any CPU
		{8AF489E1-C033-4BE3-AEC3-516FD25C1CE1}.Debug|Any CPU.Build.0 = Debug|Any CPU
		{8AF489E1-C033-4BE3-AEC3-516FD25C1CE1}.Release|Any CPU.ActiveCfg = Release|Any CPU
		{8AF489E1-C033-4BE3-AEC3-516FD25C1CE1}.Release|Any CPU.Build.0 = Release|Any CPU
	EndGlobalSection
	GlobalSection(SolutionProperties) = preSolution
		HideSolutionNode = FALSE
	EndGlobalSection
	GlobalSection(ExtensibilityGlobals) = postSolution
		SolutionGuid = {211BC360-C932-49F8-92BE-9E53EB4E3698}
	EndGlobalSection
EndGlobal
